
Microsoft Visual Studio Solution File, Format Version 12.00
# Visual Studio Version 17
VisualStudioVersion = 17.3.32825.248
MinimumVisualStudioVersion = 10.0.40219.1
Project("{FAE04EC0-301F-11D3-BF4B-00C04F79EFBC}") = "Week_4_Methods_Program", "Week_4_Methods_Program.csproj", "{3742D307-68E3-46BC-A794-2828E93B6B9C}"
EndProject
Global
	GlobalSection(SolutionConfigurationPlatforms) = preSolution
		Debug|Any CPU = Debug|Any CPU
		Release|Any CPU = Release|Any CPU
	EndGlobalSection
	GlobalSection(ProjectConfigurationPlatforms) = postSolution
		{3742D307-68E3-46BC-A794-2828E93B6B9C}.Debug|Any CPU.ActiveCfg = Debug|Any CPU
		{3742D307-68E3-46BC-A794-2828E93B6B9C}.Debug|Any CPU.Build.0 = Debug|Any CPU
		{3742D307-68E3-46BC-A794-2828E93B6B9C}.Release|Any CPU.ActiveCfg = Release|Any CPU
		{3742D307-68E3-46BC-A794-2828E93B6B9C}.Release|Any CPU.Build.0 = Release|Any CPU
	EndGlobalSection
	GlobalSection(SolutionProperties) = preSolution
		HideSolutionNode = FALSE
	EndGlobalSection
	GlobalSection(ExtensibilityGlobals) = postSolution
		SolutionGuid = {2E119B23-5AD5-407D-ACBF-F1A6AA4D50B6}
	EndGlobalSection
EndGlobal
